
Microsoft Visual Studio Solution File, Format Version 12.00
# Visual Studio Version 16
VisualStudioVersion = 16.0.31105.61
MinimumVisualStudioVersion = 10.0.40219.1
Project("{9A19103F-16F7-4668-BE54-9A1E7A4F7556}") = "DigginPharoh", "DigginPharoh.csproj", "{99B461A2-3993-4F6C-9001-A8D17FE0BFDE}"
EndProject
Global
	GlobalSection(SolutionConfigurationPlatforms) = preSolution
		Debug|Any CPU = Debug|Any CPU
		Release|Any CPU = Release|Any CPU
	EndGlobalSection
	GlobalSection(ProjectConfigurationPlatforms) = postSolution
		{99B461A2-3993-4F6C-9001-A8D17FE0BFDE}.Debug|Any CPU.ActiveCfg = Debug|Any CPU
		{99B461A2-3993-4F6C-9001-A8D17FE0BFDE}.Debug|Any CPU.Build.0 = Debug|Any CPU
		{99B461A2-3993-4F6C-9001-A8D17FE0BFDE}.Release|Any CPU.ActiveCfg = Release|Any CPU
		{99B461A2-3993-4F6C-9001-A8D17FE0BFDE}.Release|Any CPU.Build.0 = Release|Any CPU
	EndGlobalSection
	GlobalSection(SolutionProperties) = preSolution
		HideSolutionNode = FALSE
	EndGlobalSection
	GlobalSection(ExtensibilityGlobals) = postSolution
		SolutionGuid = {644CE16E-C0F9-440D-BDE4-3CF9760A6304}
	EndGlobalSection
EndGlobal
